
Microsoft Visual Studio Solution File, Format Version 12.00
# Visual Studio 14
VisualStudioVersion = 14.0.24720.0
MinimumVisualStudioVersion = 10.0.40219.1
Project("{FAE04EC0-301F-11D3-BF4B-00C04F79EFBC}") = "PicPick", "PicPick\PicPick.csproj", "{96266F02-84D7-430A-ABF0-B41ADD425CAA}"
EndProject
Global
	GlobalSection(SolutionConfigurationPlatforms) = preSolution
		Debug|Any CPU = Debug|Any CPU
		Release|Any CPU = Release|Any CPU
	EndGlobalSection
	GlobalSection(ProjectConfigurationPlatforms) = postSolution
		{96266F02-84D7-430A-ABF0-B41ADD425CAA}.Debug|Any CPU.ActiveCfg = Debug|Any CPU
		{96266F02-84D7-430A-ABF0-B41ADD425CAA}.Debug|Any CPU.Build.0 = Debug|Any CPU
		{96266F02-84D7-430A-ABF0-B41ADD425CAA}.Release|Any CPU.ActiveCfg = Release|Any CPU
		{96266F02-84D7-430A-ABF0-B41ADD425CAA}.Release|Any CPU.Build.0 = Release|Any CPU
	EndGlobalSection
	GlobalSection(SolutionProperties) = preSolution
		HideSolutionNode = FALSE
	EndGlobalSection
EndGlobal
